
Microsoft Visual Studio Solution File, Format Version 12.00
# Visual Studio Version 17
VisualStudioVersion = 17.12.35527.113 d17.12
MinimumVisualStudioVersion = 10.0.40219.1
Project("{FAE04EC0-301F-11D3-BF4B-00C04F79EFBC}") = "EmployeeAPI", "EmployeeAPI\EmployeeAPI.csproj", "{D13361D7-06FC-4C9C-B4E0-CB88EBC6D852}"
EndProject
Global
	GlobalSection(SolutionConfigurationPlatforms) = preSolution
		Debug|Any CPU = Debug|Any CPU
		Release|Any CPU = Release|Any CPU
	EndGlobalSection
	GlobalSection(ProjectConfigurationPlatforms) = postSolution
		{D13361D7-06FC-4C9C-B4E0-CB88EBC6D852}.Debug|Any CPU.ActiveCfg = Debug|Any CPU
		{D13361D7-06FC-4C9C-B4E0-CB88EBC6D852}.Debug|Any CPU.Build.0 = Debug|Any CPU
		{D13361D7-06FC-4C9C-B4E0-CB88EBC6D852}.Release|Any CPU.ActiveCfg = Release|Any CPU
		{D13361D7-06FC-4C9C-B4E0-CB88EBC6D852}.Release|Any CPU.Build.0 = Release|Any CPU
	EndGlobalSection
	GlobalSection(SolutionProperties) = preSolution
		HideSolutionNode = FALSE
	EndGlobalSection
EndGlobal
